
Microsoft Visual Studio Solution File, Format Version 11.00
# Visual Studio 2010
Project("{8BC9CEB8-8B4A-11D0-8D11-00A0C91BC942}") = "VRPTWSO", "VRPTWSO\VRPTWSO.vcxproj", "{B499E033-B597-45C8-8935-28B9D5B7A29E}"
EndProject
Global
	GlobalSection(SolutionConfigurationPlatforms) = preSolution
		Debug|Win32 = Debug|Win32
		Debug|x64 = Debug|x64
		Release|Win32 = Release|Win32
		Release|x64 = Release|x64
	EndGlobalSection
	GlobalSection(ProjectConfigurationPlatforms) = postSolution
		{B499E033-B597-45C8-8935-28B9D5B7A29E}.Debug|Win32.ActiveCfg = Debug|Win32
		{B499E033-B597-45C8-8935-28B9D5B7A29E}.Debug|Win32.Build.0 = Debug|Win32
		{B499E033-B597-45C8-8935-28B9D5B7A29E}.Debug|x64.ActiveCfg = Debug|x64
		{B499E033-B597-45C8-8935-28B9D5B7A29E}.Debug|x64.Build.0 = Debug|x64
		{B499E033-B597-45C8-8935-28B9D5B7A29E}.Release|Win32.ActiveCfg = Release|Win32
		{B499E033-B597-45C8-8935-28B9D5B7A29E}.Release|Win32.Build.0 = Release|Win32
		{B499E033-B597-45C8-8935-28B9D5B7A29E}.Release|x64.ActiveCfg = Release|x64
		{B499E033-B597-45C8-8935-28B9D5B7A29E}.Release|x64.Build.0 = Release|x64
	EndGlobalSection
	GlobalSection(SolutionProperties) = preSolution
		HideSolutionNode = FALSE
	EndGlobalSection
EndGlobal
